
Microsoft Visual Studio Solution File, Format Version 12.00
# Visual Studio Version 17
VisualStudioVersion = 17.0.32014.148
MinimumVisualStudioVersion = 10.0.40219.1
Project("{2150E333-8FDC-42A3-9474-1A3956D46DE8}") = "src", "src", "{D6B0B2D4-CAAA-4189-AAFF-43E450F3597D}"
EndProject
Project("{2150E333-8FDC-42A3-9474-1A3956D46DE8}") = "Core", "Core", "{D6ED8A62-C8DA-467C-A6B9-27A3613D406E}"
EndProject
Project("{2150E333-8FDC-42A3-9474-1A3956D46DE8}") = "Infraestructure", "Infraestructure", "{0BB375B4-1FDF-4331-94C3-5EE7BC11B29E}"
EndProject
Project("{2150E333-8FDC-42A3-9474-1A3956D46DE8}") = "Presentation", "Presentation", "{C902CC65-2B3B-452B-84C3-48639C323B13}"
EndProject
Project("{9A19103F-16F7-4668-BE54-9A1E7A4F7556}") = "Application", "Application\Application.csproj", "{C1FE8B2E-4B1B-4E14-A2EF-0675C3162FEA}"
EndProject
Project("{9A19103F-16F7-4668-BE54-9A1E7A4F7556}") = "Domain", "Domain\Domain.csproj", "{F1AEFC34-51FB-4293-868D-DE553BDE8877}"
EndProject
Project("{9A19103F-16F7-4668-BE54-9A1E7A4F7556}") = "Persistence", "Persistence\Persistence.csproj", "{D3BCA480-3F2A-49B8-8771-9AD28949DF71}"
EndProject
Project("{9A19103F-16F7-4668-BE54-9A1E7A4F7556}") = "Shared", "Shared\Shared.csproj", "{BD7E1F46-0DD7-4DC2-8569-93981CEB6BD2}"
EndProject
Project("{FAE04EC0-301F-11D3-BF4B-00C04F79EFBC}") = "WebAPI", "WebAPI\WebAPI.csproj", "{F01DE2BB-4EFF-48D1-8E52-E61AEBF0E558}"
EndProject
Project("{FAE04EC0-301F-11D3-BF4B-00C04F79EFBC}") = "Identity", "Identity\Identity.csproj", "{73B10004-6046-4B25-887E-FFBD9EEBB367}"
EndProject
Global
	GlobalSection(SolutionConfigurationPlatforms) = preSolution
		Debug|Any CPU = Debug|Any CPU
		Release|Any CPU = Release|Any CPU
	EndGlobalSection
	GlobalSection(ProjectConfigurationPlatforms) = postSolution
		{C1FE8B2E-4B1B-4E14-A2EF-0675C3162FEA}.Debug|Any CPU.ActiveCfg = Debug|Any CPU
		{C1FE8B2E-4B1B-4E14-A2EF-0675C3162FEA}.Debug|Any CPU.Build.0 = Debug|Any CPU
		{C1FE8B2E-4B1B-4E14-A2EF-0675C3162FEA}.Release|Any CPU.ActiveCfg = Release|Any CPU
		{C1FE8B2E-4B1B-4E14-A2EF-0675C3162FEA}.Release|Any CPU.Build.0 = Release|Any CPU
		{F1AEFC34-51FB-4293-868D-DE553BDE8877}.Debug|Any CPU.ActiveCfg = Debug|Any CPU
		{F1AEFC34-51FB-4293-868D-DE553BDE8877}.Debug|Any CPU.Build.0 = Debug|Any CPU
		{F1AEFC34-51FB-4293-868D-DE553BDE8877}.Release|Any CPU.ActiveCfg = Release|Any CPU
		{F1AEFC34-51FB-4293-868D-DE553BDE8877}.Release|Any CPU.Build.0 = Release|Any CPU
		{D3BCA480-3F2A-49B8-8771-9AD28949DF71}.Debug|Any CPU.ActiveCfg = Debug|Any CPU
		{D3BCA480-3F2A-49B8-8771-9AD28949DF71}.Debug|Any CPU.Build.0 = Debug|Any CPU
		{D3BCA480-3F2A-49B8-8771-9AD28949DF71}.Release|Any CPU.ActiveCfg = Release|Any CPU
		{D3BCA480-3F2A-49B8-8771-9AD28949DF71}.Release|Any CPU.Build.0 = Release|Any CPU
		{BD7E1F46-0DD7-4DC2-8569-93981CEB6BD2}.Debug|Any CPU.ActiveCfg = Debug|Any CPU
		{BD7E1F46-0DD7-4DC2-8569-93981CEB6BD2}.Debug|Any CPU.Build.0 = Debug|Any CPU
		{BD7E1F46-0DD7-4DC2-8569-93981CEB6BD2}.Release|Any CPU.ActiveCfg = Release|Any CPU
		{BD7E1F46-0DD7-4DC2-8569-93981CEB6BD2}.Release|Any CPU.Build.0 = Release|Any CPU
		{F01DE2BB-4EFF-48D1-8E52-E61AEBF0E558}.Debug|Any CPU.ActiveCfg = Debug|Any CPU
		{F01DE2BB-4EFF-48D1-8E52-E61AEBF0E558}.Debug|Any CPU.Build.0 = Debug|Any CPU
		{F01DE2BB-4EFF-48D1-8E52-E61AEBF0E558}.Release|Any CPU.ActiveCfg = Release|Any CPU
		{F01DE2BB-4EFF-48D1-8E52-E61AEBF0E558}.Release|Any CPU.Build.0 = Release|Any CPU
		{73B10004-6046-4B25-887E-FFBD9EEBB367}.Debug|Any CPU.ActiveCfg = Debug|Any CPU
		{73B10004-6046-4B25-887E-FFBD9EEBB367}.Debug|Any CPU.Build.0 = Debug|Any CPU
		{73B10004-6046-4B25-887E-FFBD9EEBB367}.Release|Any CPU.ActiveCfg = Release|Any CPU
		{73B10004-6046-4B25-887E-FFBD9EEBB367}.Release|Any CPU.Build.0 = Release|Any CPU
	EndGlobalSection
	GlobalSection(SolutionProperties) = preSolution
		HideSolutionNode = FALSE
	EndGlobalSection
	GlobalSection(NestedProjects) = preSolution
		{D6ED8A62-C8DA-467C-A6B9-27A3613D406E} = {D6B0B2D4-CAAA-4189-AAFF-43E450F3597D}
		{0BB375B4-1FDF-4331-94C3-5EE7BC11B29E} = {D6B0B2D4-CAAA-4189-AAFF-43E450F3597D}
		{C902CC65-2B3B-452B-84C3-48639C323B13} = {D6B0B2D4-CAAA-4189-AAFF-43E450F3597D}
		{C1FE8B2E-4B1B-4E14-A2EF-0675C3162FEA} = {D6ED8A62-C8DA-467C-A6B9-27A3613D406E}
		{F1AEFC34-51FB-4293-868D-DE553BDE8877} = {D6ED8A62-C8DA-467C-A6B9-27A3613D406E}
		{D3BCA480-3F2A-49B8-8771-9AD28949DF71} = {0BB375B4-1FDF-4331-94C3-5EE7BC11B29E}
		{BD7E1F46-0DD7-4DC2-8569-93981CEB6BD2} = {0BB375B4-1FDF-4331-94C3-5EE7BC11B29E}
		{F01DE2BB-4EFF-48D1-8E52-E61AEBF0E558} = {C902CC65-2B3B-452B-84C3-48639C323B13}
		{73B10004-6046-4B25-887E-FFBD9EEBB367} = {0BB375B4-1FDF-4331-94C3-5EE7BC11B29E}
	EndGlobalSection
	GlobalSection(ExtensibilityGlobals) = postSolution
		SolutionGuid = {3002F8F5-80F0-45C9-B1F5-5F749CA807F6}
	EndGlobalSection
EndGlobal
